
Microsoft Visual Studio Solution File, Format Version 12.00
# Visual Studio Version 17
VisualStudioVersion = 17.5.002.0
MinimumVisualStudioVersion = 10.0.40219.1
Project("{9A19103F-16F7-4668-BE54-9A1E7A4F7556}") = "netqa", "netqa.csproj", "{71EF3C98-7614-48B9-B9C4-6EFE6D2C0CCD}"
EndProject
Global
	GlobalSection(SolutionConfigurationPlatforms) = preSolution
		Debug|Any CPU = Debug|Any CPU
		Release|Any CPU = Release|Any CPU
	EndGlobalSection
	GlobalSection(ProjectConfigurationPlatforms) = postSolution
		{71EF3C98-7614-48B9-B9C4-6EFE6D2C0CCD}.Debug|Any CPU.ActiveCfg = Debug|Any CPU
		{71EF3C98-7614-48B9-B9C4-6EFE6D2C0CCD}.Debug|Any CPU.Build.0 = Debug|Any CPU
		{71EF3C98-7614-48B9-B9C4-6EFE6D2C0CCD}.Release|Any CPU.ActiveCfg = Release|Any CPU
		{71EF3C98-7614-48B9-B9C4-6EFE6D2C0CCD}.Release|Any CPU.Build.0 = Release|Any CPU
	EndGlobalSection
	GlobalSection(SolutionProperties) = preSolution
		HideSolutionNode = FALSE
	EndGlobalSection
	GlobalSection(ExtensibilityGlobals) = postSolution
		SolutionGuid = {2F41C8D2-AFC5-4ECE-AB2C-F667DAB32D9E}
	EndGlobalSection
EndGlobal
